
Microsoft Visual Studio Solution File, Format Version 12.00
# Visual Studio 14
VisualStudioVersion = 14.0.25123.0
MinimumVisualStudioVersion = 10.0.40219.1
Project("{FAE04EC0-301F-11D3-BF4B-00C04F79EFBC}") = "AuctionsPortal.Service", "AuctionsPortal.Service\AuctionsPortal.Service.csproj", "{9018238B-D448-4D55-BD13-B0FEC26C97BD}"
EndProject
Project("{FAE04EC0-301F-11D3-BF4B-00C04F79EFBC}") = "AuctionsPortal.Tests", "AuctionsPortal.Service.Tests\AuctionsPortal.Tests.csproj", "{BA7504BC-80A7-417C-A741-657F45A20EFF}"
EndProject
Project("{FAE04EC0-301F-11D3-BF4B-00C04F79EFBC}") = "AuctionsPortal.Data", "AuctionsPortal.Data\AuctionsPortal.Data.csproj", "{F8B6FC32-F233-4C37-87A5-FA75EB8EAED2}"
EndProject
Project("{FAE04EC0-301F-11D3-BF4B-00C04F79EFBC}") = "AuctionsPortal.Admin", "AuctionsPortal.Admin\AuctionsPortal.Admin.csproj", "{A57D65BF-CF85-47FD-829E-E81BCB71F26F}"
EndProject
Global
	GlobalSection(SolutionConfigurationPlatforms) = preSolution
		Debug|Any CPU = Debug|Any CPU
		Release|Any CPU = Release|Any CPU
	EndGlobalSection
	GlobalSection(ProjectConfigurationPlatforms) = postSolution
		{9018238B-D448-4D55-BD13-B0FEC26C97BD}.Debug|Any CPU.ActiveCfg = Debug|Any CPU
		{9018238B-D448-4D55-BD13-B0FEC26C97BD}.Debug|Any CPU.Build.0 = Debug|Any CPU
		{9018238B-D448-4D55-BD13-B0FEC26C97BD}.Release|Any CPU.ActiveCfg = Release|Any CPU
		{9018238B-D448-4D55-BD13-B0FEC26C97BD}.Release|Any CPU.Build.0 = Release|Any CPU
		{BA7504BC-80A7-417C-A741-657F45A20EFF}.Debug|Any CPU.ActiveCfg = Debug|Any CPU
		{BA7504BC-80A7-417C-A741-657F45A20EFF}.Debug|Any CPU.Build.0 = Debug|Any CPU
		{BA7504BC-80A7-417C-A741-657F45A20EFF}.Release|Any CPU.ActiveCfg = Release|Any CPU
		{BA7504BC-80A7-417C-A741-657F45A20EFF}.Release|Any CPU.Build.0 = Release|Any CPU
		{F8B6FC32-F233-4C37-87A5-FA75EB8EAED2}.Debug|Any CPU.ActiveCfg = Debug|Any CPU
		{F8B6FC32-F233-4C37-87A5-FA75EB8EAED2}.Debug|Any CPU.Build.0 = Debug|Any CPU
		{F8B6FC32-F233-4C37-87A5-FA75EB8EAED2}.Release|Any CPU.ActiveCfg = Release|Any CPU
		{F8B6FC32-F233-4C37-87A5-FA75EB8EAED2}.Release|Any CPU.Build.0 = Release|Any CPU
		{A57D65BF-CF85-47FD-829E-E81BCB71F26F}.Debug|Any CPU.ActiveCfg = Debug|Any CPU
		{A57D65BF-CF85-47FD-829E-E81BCB71F26F}.Debug|Any CPU.Build.0 = Debug|Any CPU
		{A57D65BF-CF85-47FD-829E-E81BCB71F26F}.Release|Any CPU.ActiveCfg = Release|Any CPU
		{A57D65BF-CF85-47FD-829E-E81BCB71F26F}.Release|Any CPU.Build.0 = Release|Any CPU
	EndGlobalSection
	GlobalSection(SolutionProperties) = preSolution
		HideSolutionNode = FALSE
	EndGlobalSection
EndGlobal
